// !$*UTF8*$!
{
	archiveVersion = 1;
	classes = {
	};
	objectVersion = 77;
	objects = {

/* Begin PBXContainerItemProxy section */
		80E768BE2CB7135300BAB680 /* PBXContainerItemProxy */ = {
			isa = PBXContainerItemProxy;
			containerPortal = 80E768A52CB7135200BAB680 /* Project object */;
			proxyType = 1;
			remoteGlobalIDString = 80E768AC2CB7135200BAB680;
			remoteInfo = seokeyword;
		};
		80E768C82CB7135300BAB680 /* PBXContainerItemProxy */ = {
			isa = PBXContainerItemProxy;
			containerPortal = 80E768A52CB7135200BAB680 /* Project object */;
			proxyType = 1;
			remoteGlobalIDString = 80E768AC2CB7135200BAB680;
			remoteInfo = seokeyword;
		};
/* End PBXContainerItemProxy section */

/* Begin PBXFileReference section */
		80E768AD2CB7135200BAB680 /* seokeyword.app */ = {isa = PBXFileReference; explicitFileType = wrapper.application; includeInIndex = 0; path = seokeyword.app; sourceTree = BUILT_PRODUCTS_DIR; };
		80E768BD2CB7135300BAB680 /* seokeywordTests.xctest */ = {isa = PBXFileReference; explicitFileType = wrapper.cfbundle; includeInIndex = 0; path = seokeywordTests.xctest; sourceTree = BUILT_PRODUCTS_DIR; };
		80E768C72CB7135300BAB680 /* seokeywordUITests.xctest */ = {isa = PBXFileReference; explicitFileType = wrapper.cfbundle; includeInIndex = 0; path = seokeywordUITests.xctest; sourceTree = BUILT_PRODUCTS_DIR; };
/* End PBXFileReference section */

/* Begin PBXFileSystemSynchronizedBuildFileExceptionSet section */
		80E768E42CB7148B00BAB680 /* Exceptions for "seokeyword" folder in "seokeyword" target */ = {
			isa = PBXFileSystemSynchronizedBuildFileExceptionSet;
			membershipExceptions = (
				"Color+Extension.swift",
			);
			target = 80E768AC2CB7135200BAB680 /* seokeyword */;
		};
/* End PBXFileSystemSynchronizedBuildFileExceptionSet section */

/* Begin PBXFileSystemSynchronizedGroupBuildPhaseMembershipExceptionSet section */
		80E768E52CB7148B00BAB680 /* Exceptions for "seokeyword" folder in "Copy Bundle Resources" phase from "seokeyword" target */ = {
			isa = PBXFileSystemSynchronizedGroupBuildPhaseMembershipExceptionSet;
			buildPhase = 80E768AB2CB7135200BAB680 /* Resources */;
			membershipExceptions = (
				"Color+Extension.swift",
			);
		};
/* End PBXFileSystemSynchronizedGroupBuildPhaseMembershipExceptionSet section */

/* Begin PBXFileSystemSynchronizedRootGroup section */
		80E768AF2CB7135200BAB680 /* seokeyword */ = {
			isa = PBXFileSystemSynchronizedRootGroup;
			exceptions = (
				80E768E42CB7148B00BAB680 /* Exceptions for "seokeyword" folder in "seokeyword" target */,
				80E768E52CB7148B00BAB680 /* Exceptions for "seokeyword" folder in "Copy Bundle Resources" phase from "seokeyword" target */,
			);
			path = seokeyword;
			sourceTree = "<group>";
		};
		80E768C02CB7135300BAB680 /* seokeywordTests */ = {
			isa = PBXFileSystemSynchronizedRootGroup;
			path = seokeywordTests;
			sourceTree = "<group>";
		};
		80E768CA2CB7135300BAB680 /* seokeywordUITests */ = {
			isa = PBXFileSystemSynchronizedRootGroup;
			path = seokeywordUITests;
			sourceTree = "<group>";
		};
/* End PBXFileSystemSynchronizedRootGroup section */

/* Begin PBXFrameworksBuildPhase section */
		80E768AA2CB7135200BAB680 /* Frameworks */ = {
			isa = PBXFrameworksBuildPhase;
			buildActionMask = 2147483647;
			files = (
			);
			runOnlyForDeploymentPostprocessing = 0;
		};
		80E768BA2CB7135300BAB680 /* Frameworks */ = {
			isa = PBXFrameworksBuildPhase;
			buildActionMask = 2147483647;
			files = (
			);
			runOnlyForDeploymentPostprocessing = 0;
		};
		80E768C42CB7135300BAB680 /* Frameworks */ = {
			isa = PBXFrameworksBuildPhase;
			buildActionMask = 2147483647;
			files = (
			);
			runOnlyForDeploymentPostprocessing = 0;
		};
/* End PBXFrameworksBuildPhase section */

/* Begin PBXGroup section */
		80E768A42CB7135200BAB680 = {
			isa = PBXGroup;
			children = (
				80E768AF2CB7135200BAB680 /* seokeyword */,
				80E768C02CB7135300BAB680 /* seokeywordTests */,
				80E768CA2CB7135300BAB680 /* seokeywordUITests */,
				80E768AE2CB7135200BAB680 /* Products */,
			);
			sourceTree = "<group>";
		};
		80E768AE2CB7135200BAB680 /* Products */ = {
			isa = PBXGroup;
			children = (
				80E768AD2CB7135200BAB680 /* seokeyword.app */,
				80E768BD2CB7135300BAB680 /* seokeywordTests.xctest */,
				80E768C72CB7135300BAB680 /* seokeywordUITests.xctest */,
			);
			name = Products;
			sourceTree = "<group>";
		};
/* End PBXGroup section */

/* Begin PBXNativeTarget section */
		80E768AC2CB7135200BAB680 /* seokeyword */ = {
			isa = PBXNativeTarget;
			buildConfigurationList = 80E768D12CB7135300BAB680 /* Build configuration list for PBXNativeTarget "seokeyword" */;
			buildPhases = (
				80E768A92CB7135200BAB680 /* Sources */,
				80E768AA2CB7135200BAB680 /* Frameworks */,
				80E768AB2CB7135200BAB680 /* Resources */,
			);
			buildRules = (
			);
			dependencies = (
			);
			fileSystemSynchronizedGroups = (
				80E768AF2CB7135200BAB680 /* seokeyword */,
			);
			name = seokeyword;
			packageProductDependencies = (
			);
			productName = seokeyword;
			productReference = 80E768AD2CB7135200BAB680 /* seokeyword.app */;
			productType = "com.apple.product-type.application";
		};
		80E768BC2CB7135300BAB680 /* seokeywordTests */ = {
			isa = PBXNativeTarget;
			buildConfigurationList = 80E768D42CB7135300BAB680 /* Build configuration list for PBXNativeTarget "seokeywordTests" */;
			buildPhases = (
				80E768B92CB7135300BAB680 /* Sources */,
				80E768BA2CB7135300BAB680 /* Frameworks */,
				80E768BB2CB7135300BAB680 /* Resources */,
			);
			buildRules = (
			);
			dependencies = (
				80E768BF2CB7135300BAB680 /* PBXTargetDependency */,
			);
			fileSystemSynchronizedGroups = (
				80E768C02CB7135300BAB680 /* seokeywordTests */,
			);
			name = seokeywordTests;
			packageProductDependencies = (
			);
			productName = seokeywordTests;
			productReference = 80E768BD2CB7135300BAB680 /* seokeywordTests.xctest */;
			productType = "com.apple.product-type.bundle.unit-test";
		};
		80E768C62CB7135300BAB680 /* seokeywordUITests */ = {
			isa = PBXNativeTarget;
			buildConfigurationList = 80E768D72CB7135300BAB680 /* Build configuration list for PBXNativeTarget "seokeywordUITests" */;
			buildPhases = (
				80E768C32CB7135300BAB680 /* Sources */,
				80E768C42CB7135300BAB680 /* Frameworks */,
				80E768C52CB7135300BAB680 /* Resources */,
			);
			buildRules = (
			);
			dependencies = (
				80E768C92CB7135300BAB680 /* PBXTargetDependency */,
			);
			fileSystemSynchronizedGroups = (
				80E768CA2CB7135300BAB680 /* seokeywordUITests */,
			);
			name = seokeywordUITests;
			packageProductDependencies = (
			);
			productName = seokeywordUITests;
			productReference = 80E768C72CB7135300BAB680 /* seokeywordUITests.xctest */;
			productType = "com.apple.product-type.bundle.ui-testing";
		};
/* End PBXNativeTarget section */

/* Begin PBXProject section */
		80E768A52CB7135200BAB680 /* Project object */ = {
			isa = PBXProject;
			attributes = {
				BuildIndependentTargetsInParallel = 1;
				LastSwiftUpdateCheck = 1600;
				LastUpgradeCheck = 1600;
				TargetAttributes = {
					80E768AC2CB7135200BAB680 = {
						CreatedOnToolsVersion = 16.0;
					};
					80E768BC2CB7135300BAB680 = {
						CreatedOnToolsVersion = 16.0;
						TestTargetID = 80E768AC2CB7135200BAB680;
					};
					80E768C62CB7135300BAB680 = {
						CreatedOnToolsVersion = 16.0;
						TestTargetID = 80E768AC2CB7135200BAB680;
					};
				};
			};
			buildConfigurationList = 80E768A82CB7135200BAB680 /* Build configuration list for PBXProject "seokeyword" */;
			developmentRegion = en;
			hasScannedForEncodings = 0;
			knownRegions = (
				en,
				Base,
			);
			mainGroup = 80E768A42CB7135200BAB680;
			minimizedProjectReferenceProxies = 1;
			preferredProjectObjectVersion = 77;
			productRefGroup = 80E768AE2CB7135200BAB680 /* Products */;
			projectDirPath = "";
			projectRoot = "";
			targets = (
				80E768AC2CB7135200BAB680 /* seokeyword */,
				80E768BC2CB7135300BAB680 /* seokeywordTests */,
				80E768C62CB7135300BAB680 /* seokeywordUITests */,
			);
		};
/* End PBXProject section */

/* Begin PBXResourcesBuildPhase section */
		80E768AB2CB7135200BAB680 /* Resources */ = {
			isa = PBXResourcesBuildPhase;
			buildActionMask = 2147483647;
			files = (
			);
			runOnlyForDeploymentPostprocessing = 0;
		};
		80E768BB2CB7135300BAB680 /* Resources */ = {
			isa = PBXResourcesBuildPhase;
			buildActionMask = 2147483647;
			files = (
			);
			runOnlyForDeploymentPostprocessing = 0;
		};
		80E768C52CB7135300BAB680 /* Resources */ = {
			isa = PBXResourcesBuildPhase;
			buildActionMask = 2147483647;
			files = (
			);
			runOnlyForDeploymentPostprocessing = 0;
		};
/* End PBXResourcesBuildPhase section */

/* Begin PBXSourcesBuildPhase section */
		80E768A92CB7135200BAB680 /* Sources */ = {
			isa = PBXSourcesBuildPhase;
			buildActionMask = 2147483647;
			files = (
			);
			runOnlyForDeploymentPostprocessing = 0;
		};
		80E768B92CB7135300BAB680 /* Sources */ = {
			isa = PBXSourcesBuildPhase;
			buildActionMask = 2147483647;
			files = (
			);
			runOnlyForDeploymentPostprocessing = 0;
		};
		80E768C32CB7135300BAB680 /* Sources */ = {
			isa = PBXSourcesBuildPhase;
			buildActionMask = 2147483647;
			files = (
			);
			runOnlyForDeploymentPostprocessing = 0;
		};
/* End PBXSourcesBuildPhase section */

/* Begin PBXTargetDependency section */
		80E768BF2CB7135300BAB680 /* PBXTargetDependency */ = {
			isa = PBXTargetDependency;
			target = 80E768AC2CB7135200BAB680 /* seokeyword */;
			targetProxy = 80E768BE2CB7135300BAB680 /* PBXContainerItemProxy */;
		};
		80E768C92CB7135300BAB680 /* PBXTargetDependency */ = {
			isa = PBXTargetDependency;
			target = 80E768AC2CB7135200BAB680 /* seokeyword */;
			targetProxy = 80E768C82CB7135300BAB680 /* PBXContainerItemProxy */;
		};
/* End PBXTargetDependency section */

/* Begin XCBuildConfiguration section */
		80E768CF2CB7135300BAB680 /* Debug */ = {
			isa = XCBuildConfiguration;
			buildSettings = {
				ALWAYS_SEARCH_USER_PATHS = NO;
				ASSETCATALOG_COMPILER_GENERATE_SWIFT_ASSET_SYMBOL_EXTENSIONS = YES;
				CLANG_ANALYZER_NONNULL = YES;
				CLANG_ANALYZER_NUMBER_OBJECT_CONVERSION = YES_AGGRESSIVE;
				CLANG_CXX_LANGUAGE_STANDARD = "gnu++20";
				CLANG_ENABLE_MODULES = YES;
				CLANG_ENABLE_OBJC_ARC = YES;
				CLANG_ENABLE_OBJC_WEAK = YES;
				CLANG_WARN_BLOCK_CAPTURE_AUTORELEASING = YES;
				CLANG_WARN_BOOL_CONVERSION = YES;
				CLANG_WARN_COMMA = YES;
				CLANG_WARN_CONSTANT_CONVERSION = YES;
				CLANG_WARN_DEPRECATED_OBJC_IMPLEMENTATIONS = YES;
				CLANG_WARN_DIRECT_OBJC_ISA_USAGE = YES_ERROR;
				CLANG_WARN_DOCUMENTATION_COMMENTS = YES;
				CLANG_WARN_EMPTY_BODY = YES;
				CLANG_WARN_ENUM_CONVERSION = YES;
				CLANG_WARN_INFINITE_RECURSION = YES;
				CLANG_WARN_INT_CONVERSION = YES;
				CLANG_WARN_NON_LITERAL_NULL_CONVERSION = YES;
				CLANG_WARN_OBJC_IMPLICIT_RETAIN_SELF = YES;
				CLANG_WARN_OBJC_LITERAL_CONVERSION = YES;
				CLANG_WARN_OBJC_ROOT_CLASS = YES_ERROR;
				CLANG_WARN_QUOTED_INCLUDE_IN_FRAMEWORK_HEADER = YES;
				CLANG_WARN_RANGE_LOOP_ANALYSIS = YES;
				CLANG_WARN_STRICT_PROTOTYPES = YES;
				CLANG_WARN_SUSPICIOUS_MOVE = YES;
				CLANG_WARN_UNGUARDED_AVAILABILITY = YES_AGGRESSIVE;
				CLANG_WARN_UNREACHABLE_CODE = YES;
				CLANG_WARN__DUPLICATE_METHOD_MATCH = YES;
				COPY_PHASE_STRIP = NO;
				DEBUG_INFORMATION_FORMAT = dwarf;
				ENABLE_STRICT_OBJC_MSGSEND = YES;
				ENABLE_TESTABILITY = YES;
				ENABLE_USER_SCRIPT_SANDBOXING = YES;
				GCC_C_LANGUAGE_STANDARD = gnu17;
				GCC_DYNAMIC_NO_PIC = NO;
				GCC_NO_COMMON_BLOCKS = YES;
				GCC_OPTIMIZATION_LEVEL = 0;
				GCC_PREPROCESSOR_DEFINITIONS = (
					"DEBUG=1",
					"$(inherited)",
				);
				GCC_WARN_64_TO_32_BIT_CONVERSION = YES;
				GCC_WARN_ABOUT_RETURN_TYPE = YES_ERROR;
				GCC_WARN_UNDECLARED_SELECTOR = YES;
				GCC_WARN_UNINITIALIZED_AUTOS = YES_AGGRESSIVE;
				GCC_WARN_UNUSED_FUNCTION = YES;
				GCC_WARN_UNUSED_VARIABLE = YES;
				IPHONEOS_DEPLOYMENT_TARGET = 18.0;
				LOCALIZATION_PREFERS_STRING_CATALOGS = YES;
				MTL_ENABLE_DEBUG_INFO = INCLUDE_SOURCE;
				MTL_FAST_MATH = YES;
				ONLY_ACTIVE_ARCH = YES;
				SDKROOT = iphoneos;
				SWIFT_ACTIVE_COMPILATION_CONDITIONS = "DEBUG $(inherited)";
				SWIFT_OPTIMIZATION_LEVEL = "-Onone";
			};
			name = Debug;
		};
		80E768D02CB7135300BAB680 /* Release */ = {
			isa = XCBuildConfiguration;
			buildSettings = {
				ALWAYS_SEARCH_USER_PATHS = NO;
				ASSETCATALOG_COMPILER_GENERATE_SWIFT_ASSET_SYMBOL_EXTENSIONS = YES;
				CLANG_ANALYZER_NONNULL = YES;
				CLANG_ANALYZER_NUMBER_OBJECT_CONVERSION = YES_AGGRESSIVE;
				CLANG_CXX_LANGUAGE_STANDARD = "gnu++20";
				CLANG_ENABLE_MODULES = YES;
				CLANG_ENABLE_OBJC_ARC = YES;
				CLANG_ENABLE_OBJC_WEAK = YES;
				CLANG_WARN_BLOCK_CAPTURE_AUTORELEASING = YES;
				CLANG_WARN_BOOL_CONVERSION = YES;
				CLANG_WARN_COMMA = YES;
				CLANG_WARN_CONSTANT_CONVERSION = YES;
				CLANG_WARN_DEPRECATED_OBJC_IMPLEMENTATIONS = YES;
				CLANG_WARN_DIRECT_OBJC_ISA_USAGE = YES_ERROR;
				CLANG_WARN_DOCUMENTATION_COMMENTS = YES;
				CLANG_WARN_EMPTY_BODY = YES;
				CLANG_WARN_ENUM_CONVERSION = YES;
				CLANG_WARN_INFINITE_RECURSION = YES;
				CLANG_WARN_INT_CONVERSION = YES;
				CLANG_WARN_NON_LITERAL_NULL_CONVERSION = YES;
				CLANG_WARN_OBJC_IMPLICIT_RETAIN_SELF = YES;
				CLANG_WARN_OBJC_LITERAL_CONVERSION = YES;
				CLANG_WARN_OBJC_ROOT_CLASS = YES_ERROR;
				CLANG_WARN_QUOTED_INCLUDE_IN_FRAMEWORK_HEADER = YES;
				CLANG_WARN_RANGE_LOOP_ANALYSIS = YES;
				CLANG_WARN_STRICT_PROTOTYPES = YES;
				CLANG_WARN_SUSPICIOUS_MOVE = YES;
				CLANG_WARN_UNGUARDED_AVAILABILITY = YES_AGGRESSIVE;
				CLANG_WARN_UNREACHABLE_CODE = YES;
				CLANG_WARN__DUPLICATE_METHOD_MATCH = YES;
				COPY_PHASE_STRIP = NO;
				DEBUG_INFORMATION_FORMAT = "dwarf-with-dsym";
				ENABLE_NS_ASSERTIONS = NO;
				ENABLE_STRICT_OBJC_MSGSEND = YES;
				ENABLE_USER_SCRIPT_SANDBOXING = YES;
				GCC_C_LANGUAGE_STANDARD = gnu17;
				GCC_NO_COMMON_BLOCKS = YES;
				GCC_WARN_64_TO_32_BIT_CONVERSION = YES;
				GCC_WARN_ABOUT_RETURN_TYPE = YES_ERROR;
				GCC_WARN_UNDECLARED_SELECTOR = YES;
				GCC_WARN_UNINITIALIZED_AUTOS = YES_AGGRESSIVE;
				GCC_WARN_UNUSED_FUNCTION = YES;
				GCC_WARN_UNUSED_VARIABLE = YES;
				IPHONEOS_DEPLOYMENT_TARGET = 18.0;
				LOCALIZATION_PREFERS_STRING_CATALOGS = YES;
				MTL_ENABLE_DEBUG_INFO = NO;
				MTL_FAST_MATH = YES;
				SDKROOT = iphoneos;
				SWIFT_COMPILATION_MODE = wholemodule;
				VALIDATE_PRODUCT = YES;
			};
			name = Release;
		};
		80E768D22CB7135300BAB680 /* Debug */ = {
			isa = XCBuildConfiguration;
			buildSettings = {
				ASSETCATALOG_COMPILER_APPICON_NAME = AppIcon;
				ASSETCATALOG_COMPILER_GLOBAL_ACCENT_COLOR_NAME = AccentColor;
				CODE_SIGN_STYLE = Automatic;
				CURRENT_PROJECT_VERSION = 1;
				DEVELOPMENT_ASSET_PATHS = "\"seokeyword/Preview Content\"";
				ENABLE_PREVIEWS = YES;
				GENERATE_INFOPLIST_FILE = YES;
				INFOPLIST_KEY_UIApplicationSceneManifest_Generation = YES;
				INFOPLIST_KEY_UIApplicationSupportsIndirectInputEvents = YES;
				INFOPLIST_KEY_UILaunchScreen_Generation = YES;
				INFOPLIST_KEY_UISupportedInterfaceOrientations_iPad = "UIInterfaceOrientationPortrait UIInterfaceOrientationPortraitUpsideDown UIInterfaceOrientationLandscapeLeft UIInterfaceOrientationLandscapeRight";
				INFOPLIST_KEY_UISupportedInterfaceOrientations_iPhone = "UIInterfaceOrientationPortrait UIInterfaceOrientationLandscapeLeft UIInterfaceOrientationLandscapeRight";
				LD_RUNPATH_SEARCH_PATHS = (
					"$(inherited)",
					"@executable_path/Frameworks",
				);
				MARKETING_VERSION = 1.0;
				PRODUCT_BUNDLE_IDENTIFIER = seo.seokeyword;
				PRODUCT_NAME = "$(TARGET_NAME)";
				SWIFT_EMIT_LOC_STRINGS = YES;
				SWIFT_VERSION = 5.0;
				TARGETED_DEVICE_FAMILY = "1,2";
			};
			name = Debug;
		};
		80E768D32CB7135300BAB680 /* Release */ = {
			isa = XCBuildConfiguration;
			buildSettings = {
				ASSETCATALOG_COMPILER_APPICON_NAME = AppIcon;
				ASSETCATALOG_COMPILER_GLOBAL_ACCENT_COLOR_NAME = AccentColor;
				CODE_SIGN_STYLE = Automatic;
				CURRENT_PROJECT_VERSION = 1;
				DEVELOPMENT_ASSET_PATHS = "\"seokeyword/Preview Content\"";
				ENABLE_PREVIEWS = YES;
				GENERATE_INFOPLIST_FILE = YES;
				INFOPLIST_KEY_UIApplicationSceneManifest_Generation = YES;
				INFOPLIST_KEY_UIApplicationSupportsIndirectInputEvents = YES;
				INFOPLIST_KEY_UILaunchScreen_Generation = YES;
				INFOPLIST_KEY_UISupportedInterfaceOrientations_iPad = "UIInterfaceOrientationPortrait UIInterfaceOrientationPortraitUpsideDown UIInterfaceOrientationLandscapeLeft UIInterfaceOrientationLandscapeRight";
				INFOPLIST_KEY_UISupportedInterfaceOrientations_iPhone = "UIInterfaceOrientationPortrait UIInterfaceOrientationLandscapeLeft UIInterfaceOrientationLandscapeRight";
				LD_RUNPATH_SEARCH_PATHS = (
					"$(inherited)",
					"@executable_path/Frameworks",
				);
				MARKETING_VERSION = 1.0;
				PRODUCT_BUNDLE_IDENTIFIER = seo.seokeyword;
				PRODUCT_NAME = "$(TARGET_NAME)";
				SWIFT_EMIT_LOC_STRINGS = YES;
				SWIFT_VERSION = 5.0;
				TARGETED_DEVICE_FAMILY = "1,2";
			};
			name = Release;
		};
		80E768D52CB7135300BAB680 /* Debug */ = {
			isa = XCBuildConfiguration;
			buildSettings = {
				BUNDLE_LOADER = "$(TEST_HOST)";
				CODE_SIGN_STYLE = Automatic;
				CURRENT_PROJECT_VERSION = 1;
				GENERATE_INFOPLIST_FILE = YES;
				IPHONEOS_DEPLOYMENT_TARGET = 18.0;
				MARKETING_VERSION = 1.0;
				PRODUCT_BUNDLE_IDENTIFIER = seo.seokeywordTests;
				PRODUCT_NAME = "$(TARGET_NAME)";
				SWIFT_EMIT_LOC_STRINGS = NO;
				SWIFT_VERSION = 5.0;
				TARGETED_DEVICE_FAMILY = "1,2";
				TEST_HOST = "$(BUILT_PRODUCTS_DIR)/seokeyword.app/$(BUNDLE_EXECUTABLE_FOLDER_PATH)/seokeyword";
			};
			name = Debug;
		};
		80E768D62CB7135300BAB680 /* Release */ = {
			isa = XCBuildConfiguration;
			buildSettings = {
				BUNDLE_LOADER = "$(TEST_HOST)";
				CODE_SIGN_STYLE = Automatic;
				CURRENT_PROJECT_VERSION = 1;
				GENERATE_INFOPLIST_FILE = YES;
				IPHONEOS_DEPLOYMENT_TARGET = 18.0;
				MARKETING_VERSION = 1.0;
				PRODUCT_BUNDLE_IDENTIFIER = seo.seokeywordTests;
				PRODUCT_NAME = "$(TARGET_NAME)";
				SWIFT_EMIT_LOC_STRINGS = NO;
				SWIFT_VERSION = 5.0;
				TARGETED_DEVICE_FAMILY = "1,2";
				TEST_HOST = "$(BUILT_PRODUCTS_DIR)/seokeyword.app/$(BUNDLE_EXECUTABLE_FOLDER_PATH)/seokeyword";
			};
			name = Release;
		};
		80E768D82CB7135300BAB680 /* Debug */ = {
			isa = XCBuildConfiguration;
			buildSettings = {
				CODE_SIGN_STYLE = Automatic;
				CURRENT_PROJECT_VERSION = 1;
				GENERATE_INFOPLIST_FILE = YES;
				MARKETING_VERSION = 1.0;
				PRODUCT_BUNDLE_IDENTIFIER = seo.seokeywordUITests;
				PRODUCT_NAME = "$(TARGET_NAME)";
				SWIFT_EMIT_LOC_STRINGS = NO;
				SWIFT_VERSION = 5.0;
				TARGETED_DEVICE_FAMILY = "1,2";
				TEST_TARGET_NAME = seokeyword;
			};
			name = Debug;
		};
		80E768D92CB7135300BAB680 /* Release */ = {
			isa = XCBuildConfiguration;
			buildSettings = {
				CODE_SIGN_STYLE = Automatic;
				CURRENT_PROJECT_VERSION = 1;
				GENERATE_INFOPLIST_FILE = YES;
				MARKETING_VERSION = 1.0;
				PRODUCT_BUNDLE_IDENTIFIER = seo.seokeywordUITests;
				PRODUCT_NAME = "$(TARGET_NAME)";
				SWIFT_EMIT_LOC_STRINGS = NO;
				SWIFT_VERSION = 5.0;
				TARGETED_DEVICE_FAMILY = "1,2";
				TEST_TARGET_NAME = seokeyword;
			};
			name = Release;
		};
/* End XCBuildConfiguration section */

/* Begin XCConfigurationList section */
		80E768A82CB7135200BAB680 /* Build configuration list for PBXProject "seokeyword" */ = {
			isa = XCConfigurationList;
			buildConfigurations = (
				80E768CF2CB7135300BAB680 /* Debug */,
				80E768D02CB7135300BAB680 /* Release */,
			);
			defaultConfigurationIsVisible = 0;
			defaultConfigurationName = Release;
		};
		80E768D12CB7135300BAB680 /* Build configuration list for PBXNativeTarget "seokeyword" */ = {
			isa = XCConfigurationList;
			buildConfigurations = (
				80E768D22CB7135300BAB680 /* Debug */,
				80E768D32CB7135300BAB680 /* Release */,
			);
			defaultConfigurationIsVisible = 0;
			defaultConfigurationName = Release;
		};
		80E768D42CB7135300BAB680 /* Build configuration list for PBXNativeTarget "seokeywordTests" */ = {
			isa = XCConfigurationList;
			buildConfigurations = (
				80E768D52CB7135300BAB680 /* Debug */,
				80E768D62CB7135300BAB680 /* Release */,
			);
			defaultConfigurationIsVisible = 0;
			defaultConfigurationName = Release;
		};
		80E768D72CB7135300BAB680 /* Build configuration list for PBXNativeTarget "seokeywordUITests" */ = {
			isa = XCConfigurationList;
			buildConfigurations = (
				80E768D82CB7135300BAB680 /* Debug */,
				80E768D92CB7135300BAB680 /* Release */,
			);
			defaultConfigurationIsVisible = 0;
			defaultConfigurationName = Release;
		};
/* End XCConfigurationList section */
	};
	rootObject = 80E768A52CB7135200BAB680 /* Project object */;
}
